
Microsoft Visual Studio Solution File, Format Version 12.00
# Visual Studio Version 16
VisualStudioVersion = 16.0.29613.14
MinimumVisualStudioVersion = 10.0.40219.1
Project("{FAE04EC0-301F-11D3-BF4B-00C04F79EFBC}") = "Wish", "wish\Wish.csproj", "{B6342EC7-D845-4802-B693-683F270325F6}"
EndProject
Global
	GlobalSection(SolutionConfigurationPlatforms) = preSolution
		Debug|Any CPU = Debug|Any CPU
		Release|Any CPU = Release|Any CPU
	EndGlobalSection
	GlobalSection(ProjectConfigurationPlatforms) = postSolution
		{B6342EC7-D845-4802-B693-683F270325F6}.Debug|Any CPU.ActiveCfg = Debug|Any CPU
		{B6342EC7-D845-4802-B693-683F270325F6}.Debug|Any CPU.Build.0 = Debug|Any CPU
		{B6342EC7-D845-4802-B693-683F270325F6}.Release|Any CPU.ActiveCfg = Release|Any CPU
		{B6342EC7-D845-4802-B693-683F270325F6}.Release|Any CPU.Build.0 = Release|Any CPU
	EndGlobalSection
	GlobalSection(SolutionProperties) = preSolution
		HideSolutionNode = FALSE
	EndGlobalSection
	GlobalSection(ExtensibilityGlobals) = postSolution
		SolutionGuid = {EC77D275-808D-436D-BC9F-5F4313EECEB3}
	EndGlobalSection
EndGlobal
